
Microsoft Visual Studio Solution File, Format Version 11.00
# Visual Studio 2010
Project("{FAE04EC0-301F-11D3-BF4B-00C04F79EFBC}") = "SQLiteServer", "SQLiteServer\SQLiteServer.csproj", "{DB0B5C18-2787-4E4B-975A-EF1228A3A01A}"
EndProject
Project("{FAE04EC0-301F-11D3-BF4B-00C04F79EFBC}") = "SQLiteServer.Connector", "SQLiteServer.Connector\SQLiteServer.Connector.csproj", "{8D47B082-53F6-4021-958E-686CBCA47D78}"
EndProject
Project("{FAE04EC0-301F-11D3-BF4B-00C04F79EFBC}") = "SQLiteServer.TestClient", "SQLiteServer.TestClient\SQLiteServer.TestClient.csproj", "{4F3E3452-CB05-4133-A013-2E3F5001102A}"
EndProject
Project("{2150E333-8FDC-42A3-9474-1A3956D46DE8}") = "Solution Items", "Solution Items", "{5B07E80C-EDDF-40D0-B1A0-B31CA58357FA}"
	ProjectSection(SolutionItems) = preProject
		README.md = README.md
		gpl-3.0.txt = gpl-3.0.txt
		lgpl-3.0.txt = lgpl-3.0.txt
		_Compiled\Client\Mono.Data.Sqlite.dll = _Compiled\Client\Mono.Data.Sqlite.dll
		_Compiled\Client\SQLiteServer.Connector.dll = _Compiled\Client\SQLiteServer.Connector.dll
		_Compiled\Client\SQLiteServer.TestClient.exe = _Compiled\Client\SQLiteServer.TestClient.exe
		_Compiled\Server\sqlite3.dll = _Compiled\Server\sqlite3.dll
		_Compiled\Server\SQLiteServer.exe = _Compiled\Server\SQLiteServer.exe
	EndProjectSection
EndProject
Global
	GlobalSection(SolutionConfigurationPlatforms) = preSolution
		Debug|x86 = Debug|x86
		Release|x86 = Release|x86
	EndGlobalSection
	GlobalSection(ProjectConfigurationPlatforms) = postSolution
		{4F3E3452-CB05-4133-A013-2E3F5001102A}.Debug|x86.ActiveCfg = Debug|x86
		{4F3E3452-CB05-4133-A013-2E3F5001102A}.Debug|x86.Build.0 = Debug|x86
		{4F3E3452-CB05-4133-A013-2E3F5001102A}.Release|x86.ActiveCfg = Release|x86
		{4F3E3452-CB05-4133-A013-2E3F5001102A}.Release|x86.Build.0 = Release|x86
		{8D47B082-53F6-4021-958E-686CBCA47D78}.Debug|x86.ActiveCfg = Debug|Any CPU
		{8D47B082-53F6-4021-958E-686CBCA47D78}.Debug|x86.Build.0 = Debug|Any CPU
		{8D47B082-53F6-4021-958E-686CBCA47D78}.Release|x86.ActiveCfg = Release|Any CPU
		{8D47B082-53F6-4021-958E-686CBCA47D78}.Release|x86.Build.0 = Release|Any CPU
		{DB0B5C18-2787-4E4B-975A-EF1228A3A01A}.Debug|x86.ActiveCfg = Debug|x86
		{DB0B5C18-2787-4E4B-975A-EF1228A3A01A}.Debug|x86.Build.0 = Debug|x86
		{DB0B5C18-2787-4E4B-975A-EF1228A3A01A}.Release|x86.ActiveCfg = Release|x86
		{DB0B5C18-2787-4E4B-975A-EF1228A3A01A}.Release|x86.Build.0 = Release|x86
	EndGlobalSection
	GlobalSection(NestedProjects) = preSolution
	EndGlobalSection
	GlobalSection(MonoDevelopProperties) = preSolution
		StartupItem = SQLiteServer\SQLiteServer.csproj
		Policies = $0
		$0.DotNetNamingPolicy = $1
		$1.DirectoryNamespaceAssociation = None
		$1.ResourceNamePolicy = FileFormatDefault
		$0.VersionControlPolicy = $2
		$2.inheritsSet = Mono
		$0.ChangeLogPolicy = $3
		$3.UpdateMode = None
		$3.MessageStyle = $4
		$4.LineAlign = 0
		$3.inheritsSet = Mono
		version = 1.0
	EndGlobalSection
EndGlobal
